{
  "nodes": {
    "easy-purescript-nix": {
      "flake": false,
      "locked": {
        "lastModified": 1763814099,
        "narHash": "sha256-YazeA9u0JdxykexV6HHG5DMtsnwqXoiAcWPjncO1XHM=",
        "owner": "justinwoo",
        "repo": "easy-purescript-nix",
        "rev": "8fcd84f54d75d9007b2f1c7c9da5af843105a55f",
        "type": "github"
      },
      "original": {
        "owner": "justinwoo",
        "repo": "easy-purescript-nix",
        "type": "github"
      }
    },
    "nixpkgs": {
      "locked": {
        "lastModified": 1773821835,
        "narHash": "sha256-TJ3lSQtW0E2JrznGVm8hOQGVpXjJyXY2guAxku2O9A4=",
        "rev": "b40629efe5d6ec48dd1efba650c797ddbd39ace0",
        "revCount": 964859,
        "type": "tarball",
        "url": "https://api.flakehub.com/f/pinned/NixOS/nixpkgs/0.1.964859%2Brev-b40629efe5d6ec48dd1efba650c797ddbd39ace0/019d03e9-2959-7276-adaa-d074e96422de/source.tar.gz"
      },
      "original": {
        "type": "tarball",
        "url": "https://flakehub.com/f/NixOS/nixpkgs/0.1.%2A.tar.gz"
      }
    },
    "root": {
      "inputs": {
        "easy-purescript-nix": "easy-purescript-nix",
        "nixpkgs": "nixpkgs"
      }
    }
  },
  "root": "root",
  "version": 7
}
